// !$*UTF8*$!
{
	archiveVersion = 1;
	classes = {
	};
	objectVersion = 55;
	objects = {

/* Begin PBXBuildFile section */
		8199BBBD289BEA60008F6B86 /* WorldCupTableViewCell.swift in Sources */ = {isa = PBXBuildFile; fileRef = 8199BBBC289BEA60008F6B86 /* WorldCupTableViewCell.swift */; };
		81D5ABA1289B4E8300239B01 /* AppDelegate.swift in Sources */ = {isa = PBXBuildFile; fileRef = 81D5ABA0289B4E8300239B01 /* AppDelegate.swift */; };
		81D5ABA3289B4E8300239B01 /* SceneDelegate.swift in Sources */ = {isa = PBXBuildFile; fileRef = 81D5ABA2289B4E8300239B01 /* SceneDelegate.swift */; };
		81D5ABA8289B4E8300239B01 /* Main.storyboard in Resources */ = {isa = PBXBuildFile; fileRef = 81D5ABA6289B4E8300239B01 /* Main.storyboard */; };
		81D5ABAA289B4E8400239B01 /* Assets.xcassets in Resources */ = {isa = PBXBuildFile; fileRef = 81D5ABA9289B4E8400239B01 /* Assets.xcassets */; };
		81D5ABAD289B4E8400239B01 /* LaunchScreen.storyboard in Resources */ = {isa = PBXBuildFile; fileRef = 81D5ABAB289B4E8400239B01 /* LaunchScreen.storyboard */; };
		81D5ABB6289B4F0E00239B01 /* winners.json in Resources */ = {isa = PBXBuildFile; fileRef = 81D5ABB5289B4F0E00239B01 /* winners.json */; };
		81D5ABB9289B4FD800239B01 /* WinnersTableViewController.swift in Sources */ = {isa = PBXBuildFile; fileRef = 81D5ABB8289B4FD800239B01 /* WinnersTableViewController.swift */; };
		81D5ABBB289B4FFD00239B01 /* WorldCupViewController.swift in Sources */ = {isa = PBXBuildFile; fileRef = 81D5ABBA289B4FFD00239B01 /* WorldCupViewController.swift */; };
		81D5ABBE289B504500239B01 /* WorldCup.swift in Sources */ = {isa = PBXBuildFile; fileRef = 81D5ABBD289B504500239B01 /* WorldCup.swift */; };
		81D5ABC2289B56E500239B01 /* WorldCupManager.swift in Sources */ = {isa = PBXBuildFile; fileRef = 81D5ABC1289B56E500239B01 /* WorldCupManager.swift */; };
		81EBFC9A289D3F1400DE511F /* GamesTableViewCell.swift in Sources */ = {isa = PBXBuildFile; fileRef = 81EBFC99289D3F1400DE511F /* GamesTableViewCell.swift */; };
/* End PBXBuildFile section */

/* Begin PBXFileReference section */
		8199BBBC289BEA60008F6B86 /* WorldCupTableViewCell.swift */ = {isa = PBXFileReference; lastKnownFileType = sourcecode.swift; path = WorldCupTableViewCell.swift; sourceTree = "<group>"; };
		81D5AB9D289B4E8300239B01 /* Cup Champions.app */ = {isa = PBXFileReference; explicitFileType = wrapper.application; includeInIndex = 0; path = "Cup Champions.app"; sourceTree = BUILT_PRODUCTS_DIR; };
		81D5ABA0289B4E8300239B01 /* AppDelegate.swift */ = {isa = PBXFileReference; lastKnownFileType = sourcecode.swift; path = AppDelegate.swift; sourceTree = "<group>"; };
		81D5ABA2289B4E8300239B01 /* SceneDelegate.swift */ = {isa = PBXFileReference; lastKnownFileType = sourcecode.swift; path = SceneDelegate.swift; sourceTree = "<group>"; };
		81D5ABA7289B4E8300239B01 /* Base */ = {isa = PBXFileReference; lastKnownFileType = file.storyboard; name = Base; path = Base.lproj/Main.storyboard; sourceTree = "<group>"; };
		81D5ABA9289B4E8400239B01 /* Assets.xcassets */ = {isa = PBXFileReference; lastKnownFileType = folder.assetcatalog; path = Assets.xcassets; sourceTree = "<group>"; };
		81D5ABAC289B4E8400239B01 /* Base */ = {isa = PBXFileReference; lastKnownFileType = file.storyboard; name = Base; path = Base.lproj/LaunchScreen.storyboard; sourceTree = "<group>"; };
		81D5ABAE289B4E8400239B01 /* Info.plist */ = {isa = PBXFileReference; lastKnownFileType = text.plist.xml; path = Info.plist; sourceTree = "<group>"; };
		81D5ABB5289B4F0E00239B01 /* winners.json */ = {isa = PBXFileReference; fileEncoding = 4; lastKnownFileType = text.json; path = winners.json; sourceTree = "<group>"; };
		81D5ABB8289B4FD800239B01 /* WinnersTableViewController.swift */ = {isa = PBXFileReference; lastKnownFileType = sourcecode.swift; path = WinnersTableViewController.swift; sourceTree = "<group>"; };
		81D5ABBA289B4FFD00239B01 /* WorldCupViewController.swift */ = {isa = PBXFileReference; lastKnownFileType = sourcecode.swift; path = WorldCupViewController.swift; sourceTree = "<group>"; };
		81D5ABBD289B504500239B01 /* WorldCup.swift */ = {isa = PBXFileReference; lastKnownFileType = sourcecode.swift; path = WorldCup.swift; sourceTree = "<group>"; };
		81D5ABC1289B56E500239B01 /* WorldCupManager.swift */ = {isa = PBXFileReference; lastKnownFileType = sourcecode.swift; path = WorldCupManager.swift; sourceTree = "<group>"; };
		81EBFC99289D3F1400DE511F /* GamesTableViewCell.swift */ = {isa = PBXFileReference; lastKnownFileType = sourcecode.swift; path = GamesTableViewCell.swift; sourceTree = "<group>"; };
/* End PBXFileReference section */

/* Begin PBXFrameworksBuildPhase section */
		81D5AB9A289B4E8300239B01 /* Frameworks */ = {
			isa = PBXFrameworksBuildPhase;
			buildActionMask = 2147483647;
			files = (
			);
			runOnlyForDeploymentPostprocessing = 0;
		};
/* End PBXFrameworksBuildPhase section */

/* Begin PBXGroup section */
		81D5AB94289B4E8300239B01 = {
			isa = PBXGroup;
			children = (
				81D5AB9F289B4E8300239B01 /* Cup Champions */,
				81D5AB9E289B4E8300239B01 /* Products */,
			);
			sourceTree = "<group>";
		};
		81D5AB9E289B4E8300239B01 /* Products */ = {
			isa = PBXGroup;
			children = (
				81D5AB9D289B4E8300239B01 /* Cup Champions.app */,
			);
			name = Products;
			sourceTree = "<group>";
		};
		81D5AB9F289B4E8300239B01 /* Cup Champions */ = {
			isa = PBXGroup;
			children = (
				81D5ABA0289B4E8300239B01 /* AppDelegate.swift */,
				81D5ABA2289B4E8300239B01 /* SceneDelegate.swift */,
				81D5ABB4289B4EFF00239B01 /* Files */,
				81D5ABBF289B504E00239B01 /* Models */,
				81D5ABB7289B4F5E00239B01 /* Views */,
				81D5ABBC289B500500239B01 /* Controllers */,
				81D5ABA9289B4E8400239B01 /* Assets.xcassets */,
				81D5ABAE289B4E8400239B01 /* Info.plist */,
			);
			path = "Cup Champions";
			sourceTree = "<group>";
		};
		81D5ABB4289B4EFF00239B01 /* Files */ = {
			isa = PBXGroup;
			children = (
				81D5ABB5289B4F0E00239B01 /* winners.json */,
			);
			path = Files;
			sourceTree = "<group>";
		};
		81D5ABB7289B4F5E00239B01 /* Views */ = {
			isa = PBXGroup;
			children = (
				81D5ABA6289B4E8300239B01 /* Main.storyboard */,
				81D5ABAB289B4E8400239B01 /* LaunchScreen.storyboard */,
			);
			path = Views;
			sourceTree = "<group>";
		};
		81D5ABBC289B500500239B01 /* Controllers */ = {
			isa = PBXGroup;
			children = (
				81D5ABBA289B4FFD00239B01 /* WorldCupViewController.swift */,
				81D5ABB8289B4FD800239B01 /* WinnersTableViewController.swift */,
				8199BBBC289BEA60008F6B86 /* WorldCupTableViewCell.swift */,
				81EBFC99289D3F1400DE511F /* GamesTableViewCell.swift */,
			);
			path = Controllers;
			sourceTree = "<group>";
		};
		81D5ABBF289B504E00239B01 /* Models */ = {
			isa = PBXGroup;
			children = (
				81D5ABBD289B504500239B01 /* WorldCup.swift */,
				81D5ABC1289B56E500239B01 /* WorldCupManager.swift */,
			);
			path = Models;
			sourceTree = "<group>";
		};
/* End PBXGroup section */

/* Begin PBXNativeTarget section */
		81D5AB9C289B4E8300239B01 /* Cup Champions */ = {
			isa = PBXNativeTarget;
			buildConfigurationList = 81D5ABB1289B4E8400239B01 /* Build configuration list for PBXNativeTarget "Cup Champions" */;
			buildPhases = (
				81D5AB99289B4E8300239B01 /* Sources */,
				81D5AB9A289B4E8300239B01 /* Frameworks */,
				81D5AB9B289B4E8300239B01 /* Resources */,
			);
			buildRules = (
			);
			dependencies = (
			);
			name = "Cup Champions";
			productName = "Cup Champions";
			productReference = 81D5AB9D289B4E8300239B01 /* Cup Champions.app */;
			productType = "com.apple.product-type.application";
		};
/* End PBXNativeTarget section */

/* Begin PBXProject section */
		81D5AB95289B4E8300239B01 /* Project object */ = {
			isa = PBXProject;
			attributes = {
				BuildIndependentTargetsInParallel = 1;
				LastSwiftUpdateCheck = 1340;
				LastUpgradeCheck = 1340;
				TargetAttributes = {
					81D5AB9C289B4E8300239B01 = {
						CreatedOnToolsVersion = 13.4.1;
					};
				};
			};
			buildConfigurationList = 81D5AB98289B4E8300239B01 /* Build configuration list for PBXProject "Cup Champions" */;
			compatibilityVersion = "Xcode 13.0";
			developmentRegion = en;
			hasScannedForEncodings = 0;
			knownRegions = (
				en,
				Base,
			);
			mainGroup = 81D5AB94289B4E8300239B01;
			productRefGroup = 81D5AB9E289B4E8300239B01 /* Products */;
			projectDirPath = "";
			projectRoot = "";
			targets = (
				81D5AB9C289B4E8300239B01 /* Cup Champions */,
			);
		};
/* End PBXProject section */

/* Begin PBXResourcesBuildPhase section */
		81D5AB9B289B4E8300239B01 /* Resources */ = {
			isa = PBXResourcesBuildPhase;
			buildActionMask = 2147483647;
			files = (
				81D5ABAD289B4E8400239B01 /* LaunchScreen.storyboard in Resources */,
				81D5ABAA289B4E8400239B01 /* Assets.xcassets in Resources */,
				81D5ABB6289B4F0E00239B01 /* winners.json in Resources */,
				81D5ABA8289B4E8300239B01 /* Main.storyboard in Resources */,
			);
			runOnlyForDeploymentPostprocessing = 0;
		};
/* End PBXResourcesBuildPhase section */

/* Begin PBXSourcesBuildPhase section */
		81D5AB99289B4E8300239B01 /* Sources */ = {
			isa = PBXSourcesBuildPhase;
			buildActionMask = 2147483647;
			files = (
				81D5ABB9289B4FD800239B01 /* WinnersTableViewController.swift in Sources */,
				81D5ABA1289B4E8300239B01 /* AppDelegate.swift in Sources */,
				81D5ABBE289B504500239B01 /* WorldCup.swift in Sources */,
				81EBFC9A289D3F1400DE511F /* GamesTableViewCell.swift in Sources */,
				8199BBBD289BEA60008F6B86 /* WorldCupTableViewCell.swift in Sources */,
				81D5ABC2289B56E500239B01 /* WorldCupManager.swift in Sources */,
				81D5ABBB289B4FFD00239B01 /* WorldCupViewController.swift in Sources */,
				81D5ABA3289B4E8300239B01 /* SceneDelegate.swift in Sources */,
			);
			runOnlyForDeploymentPostprocessing = 0;
		};
/* End PBXSourcesBuildPhase section */

/* Begin PBXVariantGroup section */
		81D5ABA6289B4E8300239B01 /* Main.storyboard */ = {
			isa = PBXVariantGroup;
			children = (
				81D5ABA7289B4E8300239B01 /* Base */,
			);
			name = Main.storyboard;
			sourceTree = "<group>";
		};
		81D5ABAB289B4E8400239B01 /* LaunchScreen.storyboard */ = {
			isa = PBXVariantGroup;
			children = (
				81D5ABAC289B4E8400239B01 /* Base */,
			);
			name = LaunchScreen.storyboard;
			sourceTree = "<group>";
		};
/* End PBXVariantGroup section */

/* Begin XCBuildConfiguration section */
		81D5ABAF289B4E8400239B01 /* Debug */ = {
			isa = XCBuildConfiguration;
			buildSettings = {
				ALWAYS_SEARCH_USER_PATHS = NO;
				CLANG_ANALYZER_NONNULL = YES;
				CLANG_ANALYZER_NUMBER_OBJECT_CONVERSION = YES_AGGRESSIVE;
				CLANG_CXX_LANGUAGE_STANDARD = "gnu++17";
				CLANG_ENABLE_MODULES = YES;
				CLANG_ENABLE_OBJC_ARC = YES;
				CLANG_ENABLE_OBJC_WEAK = YES;
				CLANG_WARN_BLOCK_CAPTURE_AUTORELEASING = YES;
				CLANG_WARN_BOOL_CONVERSION = YES;
				CLANG_WARN_COMMA = YES;
				CLANG_WARN_CONSTANT_CONVERSION = YES;
				CLANG_WARN_DEPRECATED_OBJC_IMPLEMENTATIONS = YES;
				CLANG_WARN_DIRECT_OBJC_ISA_USAGE = YES_ERROR;
				CLANG_WARN_DOCUMENTATION_COMMENTS = YES;
				CLANG_WARN_EMPTY_BODY = YES;
				CLANG_WARN_ENUM_CONVERSION = YES;
				CLANG_WARN_INFINITE_RECURSION = YES;
				CLANG_WARN_INT_CONVERSION = YES;
				CLANG_WARN_NON_LITERAL_NULL_CONVERSION = YES;
				CLANG_WARN_OBJC_IMPLICIT_RETAIN_SELF = YES;
				CLANG_WARN_OBJC_LITERAL_CONVERSION = YES;
				CLANG_WARN_OBJC_ROOT_CLASS = YES_ERROR;
				CLANG_WARN_QUOTED_INCLUDE_IN_FRAMEWORK_HEADER = YES;
				CLANG_WARN_RANGE_LOOP_ANALYSIS = YES;
				CLANG_WARN_STRICT_PROTOTYPES = YES;
				CLANG_WARN_SUSPICIOUS_MOVE = YES;
				CLANG_WARN_UNGUARDED_AVAILABILITY = YES_AGGRESSIVE;
				CLANG_WARN_UNREACHABLE_CODE = YES;
				CLANG_WARN__DUPLICATE_METHOD_MATCH = YES;
				COPY_PHASE_STRIP = NO;
				DEBUG_INFORMATION_FORMAT = dwarf;
				ENABLE_STRICT_OBJC_MSGSEND = YES;
				ENABLE_TESTABILITY = YES;
				GCC_C_LANGUAGE_STANDARD = gnu11;
				GCC_DYNAMIC_NO_PIC = NO;
				GCC_NO_COMMON_BLOCKS = YES;
				GCC_OPTIMIZATION_LEVEL = 0;
				GCC_PREPROCESSOR_DEFINITIONS = (
					"DEBUG=1",
					"$(inherited)",
				);
				GCC_WARN_64_TO_32_BIT_CONVERSION = YES;
				GCC_WARN_ABOUT_RETURN_TYPE = YES_ERROR;
				GCC_WARN_UNDECLARED_SELECTOR = YES;
				GCC_WARN_UNINITIALIZED_AUTOS = YES_AGGRESSIVE;
				GCC_WARN_UNUSED_FUNCTION = YES;
				GCC_WARN_UNUSED_VARIABLE = YES;
				IPHONEOS_DEPLOYMENT_TARGET = 15.5;
				MTL_ENABLE_DEBUG_INFO = INCLUDE_SOURCE;
				MTL_FAST_MATH = YES;
				ONLY_ACTIVE_ARCH = YES;
				SDKROOT = iphoneos;
				SWIFT_ACTIVE_COMPILATION_CONDITIONS = DEBUG;
				SWIFT_OPTIMIZATION_LEVEL = "-Onone";
			};
			name = Debug;
		};
		81D5ABB0289B4E8400239B01 /* Release */ = {
			isa = XCBuildConfiguration;
			buildSettings = {
				ALWAYS_SEARCH_USER_PATHS = NO;
				CLANG_ANALYZER_NONNULL = YES;
				CLANG_ANALYZER_NUMBER_OBJECT_CONVERSION = YES_AGGRESSIVE;
				CLANG_CXX_LANGUAGE_STANDARD = "gnu++17";
				CLANG_ENABLE_MODULES = YES;
				CLANG_ENABLE_OBJC_ARC = YES;
				CLANG_ENABLE_OBJC_WEAK = YES;
				CLANG_WARN_BLOCK_CAPTURE_AUTORELEASING = YES;
				CLANG_WARN_BOOL_CONVERSION = YES;
				CLANG_WARN_COMMA = YES;
				CLANG_WARN_CONSTANT_CONVERSION = YES;
				CLANG_WARN_DEPRECATED_OBJC_IMPLEMENTATIONS = YES;
				CLANG_WARN_DIRECT_OBJC_ISA_USAGE = YES_ERROR;
				CLANG_WARN_DOCUMENTATION_COMMENTS = YES;
				CLANG_WARN_EMPTY_BODY = YES;
				CLANG_WARN_ENUM_CONVERSION = YES;
				CLANG_WARN_INFINITE_RECURSION = YES;
				CLANG_WARN_INT_CONVERSION = YES;
				CLANG_WARN_NON_LITERAL_NULL_CONVERSION = YES;
				CLANG_WARN_OBJC_IMPLICIT_RETAIN_SELF = YES;
				CLANG_WARN_OBJC_LITERAL_CONVERSION = YES;
				CLANG_WARN_OBJC_ROOT_CLASS = YES_ERROR;
				CLANG_WARN_QUOTED_INCLUDE_IN_FRAMEWORK_HEADER = YES;
				CLANG_WARN_RANGE_LOOP_ANALYSIS = YES;
				CLANG_WARN_STRICT_PROTOTYPES = YES;
				CLANG_WARN_SUSPICIOUS_MOVE = YES;
				CLANG_WARN_UNGUARDED_AVAILABILITY = YES_AGGRESSIVE;
				CLANG_WARN_UNREACHABLE_CODE = YES;
				CLANG_WARN__DUPLICATE_METHOD_MATCH = YES;
				COPY_PHASE_STRIP = NO;
				DEBUG_INFORMATION_FORMAT = "dwarf-with-dsym";
				ENABLE_NS_ASSERTIONS = NO;
				ENABLE_STRICT_OBJC_MSGSEND = YES;
				GCC_C_LANGUAGE_STANDARD = gnu11;
				GCC_NO_COMMON_BLOCKS = YES;
				GCC_WARN_64_TO_32_BIT_CONVERSION = YES;
				GCC_WARN_ABOUT_RETURN_TYPE = YES_ERROR;
				GCC_WARN_UNDECLARED_SELECTOR = YES;
				GCC_WARN_UNINITIALIZED_AUTOS = YES_AGGRESSIVE;
				GCC_WARN_UNUSED_FUNCTION = YES;
				GCC_WARN_UNUSED_VARIABLE = YES;
				IPHONEOS_DEPLOYMENT_TARGET = 15.5;
				MTL_ENABLE_DEBUG_INFO = NO;
				MTL_FAST_MATH = YES;
				SDKROOT = iphoneos;
				SWIFT_COMPILATION_MODE = wholemodule;
				SWIFT_OPTIMIZATION_LEVEL = "-O";
				VALIDATE_PRODUCT = YES;
			};
			name = Release;
		};
		81D5ABB2289B4E8400239B01 /* Debug */ = {
			isa = XCBuildConfiguration;
			buildSettings = {
				ASSETCATALOG_COMPILER_APPICON_NAME = AppIcon;
				ASSETCATALOG_COMPILER_GLOBAL_ACCENT_COLOR_NAME = AccentColor;
				CODE_SIGN_STYLE = Automatic;
				CURRENT_PROJECT_VERSION = 1;
				GENERATE_INFOPLIST_FILE = YES;
				INFOPLIST_FILE = "Cup Champions/Info.plist";
				INFOPLIST_KEY_UIApplicationSupportsIndirectInputEvents = YES;
				INFOPLIST_KEY_UILaunchStoryboardName = LaunchScreen;
				INFOPLIST_KEY_UIMainStoryboardFile = Main;
				INFOPLIST_KEY_UISupportedInterfaceOrientations_iPad = "UIInterfaceOrientationPortrait UIInterfaceOrientationPortraitUpsideDown UIInterfaceOrientationLandscapeLeft UIInterfaceOrientationLandscapeRight";
				INFOPLIST_KEY_UISupportedInterfaceOrientations_iPhone = "UIInterfaceOrientationPortrait UIInterfaceOrientationLandscapeLeft UIInterfaceOrientationLandscapeRight";
				LD_RUNPATH_SEARCH_PATHS = (
					"$(inherited)",
					"@executable_path/Frameworks",
				);
				MARKETING_VERSION = 1.0;
				PRODUCT_BUNDLE_IDENTIFIER = "com.kvm.Cup-Champions";
				PRODUCT_NAME = "$(TARGET_NAME)";
				SWIFT_EMIT_LOC_STRINGS = YES;
				SWIFT_VERSION = 5.0;
				TARGETED_DEVICE_FAMILY = "1,2";
			};
			name = Debug;
		};
		81D5ABB3289B4E8400239B01 /* Release */ = {
			isa = XCBuildConfiguration;
			buildSettings = {
				ASSETCATALOG_COMPILER_APPICON_NAME = AppIcon;
				ASSETCATALOG_COMPILER_GLOBAL_ACCENT_COLOR_NAME = AccentColor;
				CODE_SIGN_STYLE = Automatic;
				CURRENT_PROJECT_VERSION = 1;
				GENERATE_INFOPLIST_FILE = YES;
				INFOPLIST_FILE = "Cup Champions/Info.plist";
				INFOPLIST_KEY_UIApplicationSupportsIndirectInputEvents = YES;
				INFOPLIST_KEY_UILaunchStoryboardName = LaunchScreen;
				INFOPLIST_KEY_UIMainStoryboardFile = Main;
				INFOPLIST_KEY_UISupportedInterfaceOrientations_iPad = "UIInterfaceOrientationPortrait UIInterfaceOrientationPortraitUpsideDown UIInterfaceOrientationLandscapeLeft UIInterfaceOrientationLandscapeRight";
				INFOPLIST_KEY_UISupportedInterfaceOrientations_iPhone = "UIInterfaceOrientationPortrait UIInterfaceOrientationLandscapeLeft UIInterfaceOrientationLandscapeRight";
				LD_RUNPATH_SEARCH_PATHS = (
					"$(inherited)",
					"@executable_path/Frameworks",
				);
				MARKETING_VERSION = 1.0;
				PRODUCT_BUNDLE_IDENTIFIER = "com.kvm.Cup-Champions";
				PRODUCT_NAME = "$(TARGET_NAME)";
				SWIFT_EMIT_LOC_STRINGS = YES;
				SWIFT_VERSION = 5.0;
				TARGETED_DEVICE_FAMILY = "1,2";
			};
			name = Release;
		};
/* End XCBuildConfiguration section */

/* Begin XCConfigurationList section */
		81D5AB98289B4E8300239B01 /* Build configuration list for PBXProject "Cup Champions" */ = {
			isa = XCConfigurationList;
			buildConfigurations = (
				81D5ABAF289B4E8400239B01 /* Debug */,
				81D5ABB0289B4E8400239B01 /* Release */,
			);
			defaultConfigurationIsVisible = 0;
			defaultConfigurationName = Release;
		};
		81D5ABB1289B4E8400239B01 /* Build configuration list for PBXNativeTarget "Cup Champions" */ = {
			isa = XCConfigurationList;
			buildConfigurations = (
				81D5ABB2289B4E8400239B01 /* Debug */,
				81D5ABB3289B4E8400239B01 /* Release */,
			);
			defaultConfigurationIsVisible = 0;
			defaultConfigurationName = Release;
		};
/* End XCConfigurationList section */
	};
	rootObject = 81D5AB95289B4E8300239B01 /* Project object */;
}
